
Microsoft Visual Studio Solution File, Format Version 12.00
# Visual Studio Version 17
VisualStudioVersion = 17.13.35825.156 d17.13
MinimumVisualStudioVersion = 10.0.40219.1
Project("{FAE04EC0-301F-11D3-BF4B-00C04F79EFBC}") = "arrays", "arrays\arrays.csproj", "{1038C4C9-DC5D-4062-9D75-690A639C7731}"
EndProject
Global
	GlobalSection(SolutionConfigurationPlatforms) = preSolution
		Debug|Any CPU = Debug|Any CPU
		Release|Any CPU = Release|Any CPU
	EndGlobalSection
	GlobalSection(ProjectConfigurationPlatforms) = postSolution
		{1038C4C9-DC5D-4062-9D75-690A639C7731}.Debug|Any CPU.ActiveCfg = Debug|Any CPU
		{1038C4C9-DC5D-4062-9D75-690A639C7731}.Debug|Any CPU.Build.0 = Debug|Any CPU
		{1038C4C9-DC5D-4062-9D75-690A639C7731}.Release|Any CPU.ActiveCfg = Release|Any CPU
		{1038C4C9-DC5D-4062-9D75-690A639C7731}.Release|Any CPU.Build.0 = Release|Any CPU
	EndGlobalSection
	GlobalSection(SolutionProperties) = preSolution
		HideSolutionNode = FALSE
	EndGlobalSection
	GlobalSection(ExtensibilityGlobals) = postSolution
		SolutionGuid = {F76E7FA7-9DF6-42A4-8F25-E5FBD4ECBB13}
	EndGlobalSection
EndGlobal
