
Microsoft Visual Studio Solution File, Format Version 12.00
# Visual Studio Version 17
VisualStudioVersion = 17.10.35013.160
MinimumVisualStudioVersion = 10.0.40219.1
Project("{FAE04EC0-301F-11D3-BF4B-00C04F79EFBC}") = "testequatro", "testequatro\testequatro.csproj", "{7EF203DE-35DC-4215-8519-2A8CB9A433A5}"
EndProject
Global
	GlobalSection(SolutionConfigurationPlatforms) = preSolution
		Debug|Any CPU = Debug|Any CPU
		Release|Any CPU = Release|Any CPU
	EndGlobalSection
	GlobalSection(ProjectConfigurationPlatforms) = postSolution
		{7EF203DE-35DC-4215-8519-2A8CB9A433A5}.Debug|Any CPU.ActiveCfg = Debug|Any CPU
		{7EF203DE-35DC-4215-8519-2A8CB9A433A5}.Debug|Any CPU.Build.0 = Debug|Any CPU
		{7EF203DE-35DC-4215-8519-2A8CB9A433A5}.Release|Any CPU.ActiveCfg = Release|Any CPU
		{7EF203DE-35DC-4215-8519-2A8CB9A433A5}.Release|Any CPU.Build.0 = Release|Any CPU
	EndGlobalSection
	GlobalSection(SolutionProperties) = preSolution
		HideSolutionNode = FALSE
	EndGlobalSection
	GlobalSection(ExtensibilityGlobals) = postSolution
		SolutionGuid = {781603C2-100C-4A1F-A59B-0D01F5411A8F}
	EndGlobalSection
EndGlobal
