
Microsoft Visual Studio Solution File, Format Version 12.00
# Visual Studio Version 17
VisualStudioVersion = 17.13.35825.156 d17.13
MinimumVisualStudioVersion = 10.0.40219.1
Project("{FAE04EC0-301F-11D3-BF4B-00C04F79EFBC}") = "inverternomes", "inverternomes\inverternomes.csproj", "{43D380C1-E4BD-43E1-B33C-4BDD8339A463}"
EndProject
Global
	GlobalSection(SolutionConfigurationPlatforms) = preSolution
		Debug|Any CPU = Debug|Any CPU
		Release|Any CPU = Release|Any CPU
	EndGlobalSection
	GlobalSection(ProjectConfigurationPlatforms) = postSolution
		{43D380C1-E4BD-43E1-B33C-4BDD8339A463}.Debug|Any CPU.ActiveCfg = Debug|Any CPU
		{43D380C1-E4BD-43E1-B33C-4BDD8339A463}.Debug|Any CPU.Build.0 = Debug|Any CPU
		{43D380C1-E4BD-43E1-B33C-4BDD8339A463}.Release|Any CPU.ActiveCfg = Release|Any CPU
		{43D380C1-E4BD-43E1-B33C-4BDD8339A463}.Release|Any CPU.Build.0 = Release|Any CPU
	EndGlobalSection
	GlobalSection(SolutionProperties) = preSolution
		HideSolutionNode = FALSE
	EndGlobalSection
	GlobalSection(ExtensibilityGlobals) = postSolution
		SolutionGuid = {CCF694B4-912A-4BDE-8CE9-F1C53E69096E}
	EndGlobalSection
EndGlobal
