
Microsoft Visual Studio Solution File, Format Version 12.00
# Visual Studio Version 17
VisualStudioVersion = 17.13.35825.156 d17.13
MinimumVisualStudioVersion = 10.0.40219.1
Project("{FAE04EC0-301F-11D3-BF4B-00C04F79EFBC}") = "controle", "controle\controle.csproj", "{65AC7D9C-B30D-428C-B923-6CF0CEA1ECB6}"
EndProject
Global
	GlobalSection(SolutionConfigurationPlatforms) = preSolution
		Debug|Any CPU = Debug|Any CPU
		Release|Any CPU = Release|Any CPU
	EndGlobalSection
	GlobalSection(ProjectConfigurationPlatforms) = postSolution
		{65AC7D9C-B30D-428C-B923-6CF0CEA1ECB6}.Debug|Any CPU.ActiveCfg = Debug|Any CPU
		{65AC7D9C-B30D-428C-B923-6CF0CEA1ECB6}.Debug|Any CPU.Build.0 = Debug|Any CPU
		{65AC7D9C-B30D-428C-B923-6CF0CEA1ECB6}.Release|Any CPU.ActiveCfg = Release|Any CPU
		{65AC7D9C-B30D-428C-B923-6CF0CEA1ECB6}.Release|Any CPU.Build.0 = Release|Any CPU
	EndGlobalSection
	GlobalSection(SolutionProperties) = preSolution
		HideSolutionNode = FALSE
	EndGlobalSection
	GlobalSection(ExtensibilityGlobals) = postSolution
		SolutionGuid = {7143E3A6-2F74-4951-94D0-C8AE7E27A2F7}
	EndGlobalSection
EndGlobal
