
Microsoft Visual Studio Solution File, Format Version 12.00
# Visual Studio Version 17
VisualStudioVersion = 17.13.35825.156 d17.13
MinimumVisualStudioVersion = 10.0.40219.1
Project("{FAE04EC0-301F-11D3-BF4B-00C04F79EFBC}") = "sequefibonacchi", "sequefibonacchi\sequefibonacchi.csproj", "{59968CCF-9998-4F72-9440-16131E24F008}"
EndProject
Global
	GlobalSection(SolutionConfigurationPlatforms) = preSolution
		Debug|Any CPU = Debug|Any CPU
		Release|Any CPU = Release|Any CPU
	EndGlobalSection
	GlobalSection(ProjectConfigurationPlatforms) = postSolution
		{59968CCF-9998-4F72-9440-16131E24F008}.Debug|Any CPU.ActiveCfg = Debug|Any CPU
		{59968CCF-9998-4F72-9440-16131E24F008}.Debug|Any CPU.Build.0 = Debug|Any CPU
		{59968CCF-9998-4F72-9440-16131E24F008}.Release|Any CPU.ActiveCfg = Release|Any CPU
		{59968CCF-9998-4F72-9440-16131E24F008}.Release|Any CPU.Build.0 = Release|Any CPU
	EndGlobalSection
	GlobalSection(SolutionProperties) = preSolution
		HideSolutionNode = FALSE
	EndGlobalSection
	GlobalSection(ExtensibilityGlobals) = postSolution
		SolutionGuid = {8BDCE15B-364A-4DED-B917-16F9506D4DBD}
	EndGlobalSection
EndGlobal
